// !$*UTF8*$!
{
	archiveVersion = 1;
	classes = {
	};
	objectVersion = 48;
	objects = {

/* Begin PBXBuildFile section */
		474391451F26DDFD001427DD /* AppDelegate.swift in Sources */ = {isa = PBXBuildFile; fileRef = 474391441F26DDFD001427DD /* AppDelegate.swift */; };
		474391471F26DDFD001427DD /* ViewController.swift in Sources */ = {isa = PBXBuildFile; fileRef = 474391461F26DDFD001427DD /* ViewController.swift */; };
		4743914A1F26DDFD001427DD /* Main.storyboard in Resources */ = {isa = PBXBuildFile; fileRef = 474391481F26DDFD001427DD /* Main.storyboard */; };
		4743914C1F26DDFD001427DD /* Assets.xcassets in Resources */ = {isa = PBXBuildFile; fileRef = 4743914B1F26DDFD001427DD /* Assets.xcassets */; };
		4743914F1F26DDFD001427DD /* LaunchScreen.storyboard in Resources */ = {isa = PBXBuildFile; fileRef = 4743914D1F26DDFD001427DD /* LaunchScreen.storyboard */; };
/* End PBXBuildFile section */

/* Begin PBXFileReference section */
		474391411F26DDFD001427DD /* gitFunDemo.app */ = {isa = PBXFileReference; explicitFileType = wrapper.application; includeInIndex = 0; path = gitFunDemo.app; sourceTree = BUILT_PRODUCTS_DIR; };
		474391441F26DDFD001427DD /* AppDelegate.swift */ = {isa = PBXFileReference; lastKnownFileType = sourcecode.swift; path = AppDelegate.swift; sourceTree = "<group>"; };
		474391461F26DDFD001427DD /* ViewController.swift */ = {isa = PBXFileReference; lastKnownFileType = sourcecode.swift; path = ViewController.swift; sourceTree = "<group>"; };
		474391491F26DDFD001427DD /* Base */ = {isa = PBXFileReference; lastKnownFileType = file.storyboard; name = Base; path = Base.lproj/Main.storyboard; sourceTree = "<group>"; };
		4743914B1F26DDFD001427DD /* Assets.xcassets */ = {isa = PBXFileReference; lastKnownFileType = folder.assetcatalog; path = Assets.xcassets; sourceTree = "<group>"; };
		4743914E1F26DDFD001427DD /* Base */ = {isa = PBXFileReference; lastKnownFileType = file.storyboard; name = Base; path = Base.lproj/LaunchScreen.storyboard; sourceTree = "<group>"; };
		474391501F26DDFD001427DD /* Info.plist */ = {isa = PBXFileReference; lastKnownFileType = text.plist.xml; path = Info.plist; sourceTree = "<group>"; };
/* End PBXFileReference section */

/* Begin PBXFrameworksBuildPhase section */
		4743913E1F26DDFD001427DD /* Frameworks */ = {
			isa = PBXFrameworksBuildPhase;
			buildActionMask = 2147483647;
			files = (
			);
			runOnlyForDeploymentPostprocessing = 0;
		};
/* End PBXFrameworksBuildPhase section */

/* Begin PBXGroup section */
		474391381F26DDFD001427DD = {
			isa = PBXGroup;
			children = (
				474391431F26DDFD001427DD /* gitFunDemo */,
				474391421F26DDFD001427DD /* Products */,
			);
			sourceTree = "<group>";
		};
		474391421F26DDFD001427DD /* Products */ = {
			isa = PBXGroup;
			children = (
				474391411F26DDFD001427DD /* gitFunDemo.app */,
			);
			name = Products;
			sourceTree = "<group>";
		};
		474391431F26DDFD001427DD /* gitFunDemo */ = {
			isa = PBXGroup;
			children = (
				474391441F26DDFD001427DD /* AppDelegate.swift */,
				474391461F26DDFD001427DD /* ViewController.swift */,
				474391481F26DDFD001427DD /* Main.storyboard */,
				4743914B1F26DDFD001427DD /* Assets.xcassets */,
				4743914D1F26DDFD001427DD /* LaunchScreen.storyboard */,
				474391501F26DDFD001427DD /* Info.plist */,
			);
			path = gitFunDemo;
			sourceTree = "<group>";
		};
/* End PBXGroup section */

/* Begin PBXNativeTarget section */
		474391401F26DDFD001427DD /* gitFunDemo */ = {
			isa = PBXNativeTarget;
			buildConfigurationList = 474391531F26DDFD001427DD /* Build configuration list for PBXNativeTarget "gitFunDemo" */;
			buildPhases = (
				4743913D1F26DDFD001427DD /* Sources */,
				4743913E1F26DDFD001427DD /* Frameworks */,
				4743913F1F26DDFD001427DD /* Resources */,
			);
			buildRules = (
			);
			dependencies = (
			);
			name = gitFunDemo;
			productName = gitFunDemo;
			productReference = 474391411F26DDFD001427DD /* gitFunDemo.app */;
			productType = "com.apple.product-type.application";
		};
/* End PBXNativeTarget section */

/* Begin PBXProject section */
		474391391F26DDFD001427DD /* Project object */ = {
			isa = PBXProject;
			attributes = {
				LastSwiftUpdateCheck = 0900;
				LastUpgradeCheck = 0900;
				ORGANIZATIONNAME = "Diparth Patel";
				TargetAttributes = {
					474391401F26DDFD001427DD = {
						CreatedOnToolsVersion = 9.0;
					};
				};
			};
			buildConfigurationList = 4743913C1F26DDFD001427DD /* Build configuration list for PBXProject "gitFunDemo" */;
			compatibilityVersion = "Xcode 8.0";
			developmentRegion = en;
			hasScannedForEncodings = 0;
			knownRegions = (
				en,
				Base,
			);
			mainGroup = 474391381F26DDFD001427DD;
			productRefGroup = 474391421F26DDFD001427DD /* Products */;
			projectDirPath = "";
			projectRoot = "";
			targets = (
				474391401F26DDFD001427DD /* gitFunDemo */,
			);
		};
/* End PBXProject section */

/* Begin PBXResourcesBuildPhase section */
		4743913F1F26DDFD001427DD /* Resources */ = {
			isa = PBXResourcesBuildPhase;
			buildActionMask = 2147483647;
			files = (
				4743914F1F26DDFD001427DD /* LaunchScreen.storyboard in Resources */,
				4743914C1F26DDFD001427DD /* Assets.xcassets in Resources */,
				4743914A1F26DDFD001427DD /* Main.storyboard in Resources */,
			);
			runOnlyForDeploymentPostprocessing = 0;
		};
/* End PBXResourcesBuildPhase section */

/* Begin PBXSourcesBuildPhase section */
		4743913D1F26DDFD001427DD /* Sources */ = {
			isa = PBXSourcesBuildPhase;
			buildActionMask = 2147483647;
			files = (
				474391471F26DDFD001427DD /* ViewController.swift in Sources */,
				474391451F26DDFD001427DD /* AppDelegate.swift in Sources */,
			);
			runOnlyForDeploymentPostprocessing = 0;
		};
/* End PBXSourcesBuildPhase section */

/* Begin PBXVariantGroup section */
		474391481F26DDFD001427DD /* Main.storyboard */ = {
			isa = PBXVariantGroup;
			children = (
				474391491F26DDFD001427DD /* Base */,
			);
			name = Main.storyboard;
			sourceTree = "<group>";
		};
		4743914D1F26DDFD001427DD /* LaunchScreen.storyboard */ = {
			isa = PBXVariantGroup;
			children = (
				4743914E1F26DDFD001427DD /* Base */,
			);
			name = LaunchScreen.storyboard;
			sourceTree = "<group>";
		};
/* End PBXVariantGroup section */

/* Begin XCBuildConfiguration section */
		474391511F26DDFD001427DD /* Debug */ = {
			isa = XCBuildConfiguration;
			buildSettings = {
				ALWAYS_SEARCH_USER_PATHS = NO;
				CLANG_ANALYZER_NONNULL = YES;
				CLANG_ANALYZER_NUMBER_OBJECT_CONVERSION = YES_AGGRESSIVE;
				CLANG_CXX_LANGUAGE_STANDARD = "gnu++14";
				CLANG_CXX_LIBRARY = "libc++";
				CLANG_ENABLE_MODULES = YES;
				CLANG_ENABLE_OBJC_ARC = YES;
				CLANG_WARN_BLOCK_CAPTURE_AUTORELEASING = YES;
				CLANG_WARN_BOOL_CONVERSION = YES;
				CLANG_WARN_COMMA = YES;
				CLANG_WARN_CONSTANT_CONVERSION = YES;
				CLANG_WARN_DIRECT_OBJC_ISA_USAGE = YES_ERROR;
				CLANG_WARN_DOCUMENTATION_COMMENTS = YES;
				CLANG_WARN_EMPTY_BODY = YES;
				CLANG_WARN_ENUM_CONVERSION = YES;
				CLANG_WARN_INFINITE_RECURSION = YES;
				CLANG_WARN_INT_CONVERSION = YES;
				CLANG_WARN_OBJC_ROOT_CLASS = YES_ERROR;
				CLANG_WARN_RANGE_LOOP_ANALYSIS = YES;
				CLANG_WARN_STRICT_PROTOTYPES = YES;
				CLANG_WARN_SUSPICIOUS_MOVE = YES;
				CLANG_WARN_UNGUARDED_AVAILABILITY = YES_AGGRESSIVE;
				CLANG_WARN_UNREACHABLE_CODE = YES;
				CLANG_WARN__DUPLICATE_METHOD_MATCH = YES;
				CODE_SIGN_IDENTITY = "iPhone Developer";
				COPY_PHASE_STRIP = NO;
				DEBUG_INFORMATION_FORMAT = dwarf;
				ENABLE_STRICT_OBJC_MSGSEND = YES;
				ENABLE_TESTABILITY = YES;
				GCC_C_LANGUAGE_STANDARD = gnu11;
				GCC_DYNAMIC_NO_PIC = NO;
				GCC_NO_COMMON_BLOCKS = YES;
				GCC_OPTIMIZATION_LEVEL = 0;
				GCC_PREPROCESSOR_DEFINITIONS = (
					"DEBUG=1",
					"$(inherited)",
				);
				GCC_WARN_64_TO_32_BIT_CONVERSION = YES;
				GCC_WARN_ABOUT_RETURN_TYPE = YES_ERROR;
				GCC_WARN_UNDECLARED_SELECTOR = YES;
				GCC_WARN_UNINITIALIZED_AUTOS = YES_AGGRESSIVE;
				GCC_WARN_UNUSED_FUNCTION = YES;
				GCC_WARN_UNUSED_VARIABLE = YES;
				IPHONEOS_DEPLOYMENT_TARGET = 11.0;
				MTL_ENABLE_DEBUG_INFO = YES;
				ONLY_ACTIVE_ARCH = YES;
				SDKROOT = iphoneos;
				SWIFT_ACTIVE_COMPILATION_CONDITIONS = DEBUG;
				SWIFT_OPTIMIZATION_LEVEL = "-Onone";
			};
			name = Debug;
		};
		474391521F26DDFD001427DD /* Release */ = {
			isa = XCBuildConfiguration;
			buildSettings = {
				ALWAYS_SEARCH_USER_PATHS = NO;
				CLANG_ANALYZER_NONNULL = YES;
				CLANG_ANALYZER_NUMBER_OBJECT_CONVERSION = YES_AGGRESSIVE;
				CLANG_CXX_LANGUAGE_STANDARD = "gnu++14";
				CLANG_CXX_LIBRARY = "libc++";
				CLANG_ENABLE_MODULES = YES;
				CLANG_ENABLE_OBJC_ARC = YES;
				CLANG_WARN_BLOCK_CAPTURE_AUTORELEASING = YES;
				CLANG_WARN_BOOL_CONVERSION = YES;
				CLANG_WARN_COMMA = YES;
				CLANG_WARN_CONSTANT_CONVERSION = YES;
				CLANG_WARN_DIRECT_OBJC_ISA_USAGE = YES_ERROR;
				CLANG_WARN_DOCUMENTATION_COMMENTS = YES;
				CLANG_WARN_EMPTY_BODY = YES;
				CLANG_WARN_ENUM_CONVERSION = YES;
				CLANG_WARN_INFINITE_RECURSION = YES;
				CLANG_WARN_INT_CONVERSION = YES;
				CLANG_WARN_OBJC_ROOT_CLASS = YES_ERROR;
				CLANG_WARN_RANGE_LOOP_ANALYSIS = YES;
				CLANG_WARN_STRICT_PROTOTYPES = YES;
				CLANG_WARN_SUSPICIOUS_MOVE = YES;
				CLANG_WARN_UNGUARDED_AVAILABILITY = YES_AGGRESSIVE;
				CLANG_WARN_UNREACHABLE_CODE = YES;
				CLANG_WARN__DUPLICATE_METHOD_MATCH = YES;
				CODE_SIGN_IDENTITY = "iPhone Developer";
				COPY_PHASE_STRIP = NO;
				DEBUG_INFORMATION_FORMAT = "dwarf-with-dsym";
				ENABLE_NS_ASSERTIONS = NO;
				ENABLE_STRICT_OBJC_MSGSEND = YES;
				GCC_C_LANGUAGE_STANDARD = gnu11;
				GCC_NO_COMMON_BLOCKS = YES;
				GCC_WARN_64_TO_32_BIT_CONVERSION = YES;
				GCC_WARN_ABOUT_RETURN_TYPE = YES_ERROR;
				GCC_WARN_UNDECLARED_SELECTOR = YES;
				GCC_WARN_UNINITIALIZED_AUTOS = YES_AGGRESSIVE;
				GCC_WARN_UNUSED_FUNCTION = YES;
				GCC_WARN_UNUSED_VARIABLE = YES;
				IPHONEOS_DEPLOYMENT_TARGET = 11.0;
				MTL_ENABLE_DEBUG_INFO = NO;
				SDKROOT = iphoneos;
				SWIFT_OPTIMIZATION_LEVEL = "-Owholemodule";
				VALIDATE_PRODUCT = YES;
			};
			name = Release;
		};
		474391541F26DDFD001427DD /* Debug */ = {
			isa = XCBuildConfiguration;
			buildSettings = {
				ASSETCATALOG_COMPILER_APPICON_NAME = AppIcon;
				DEVELOPMENT_TEAM = 4V349GT37D;
				INFOPLIST_FILE = gitFunDemo/Info.plist;
				LD_RUNPATH_SEARCH_PATHS = "$(inherited) @executable_path/Frameworks";
				PRODUCT_BUNDLE_IDENTIFIER = com.dpate168.gitFunDemo;
				PRODUCT_NAME = "$(TARGET_NAME)";
				SWIFT_VERSION = 4.0;
				TARGETED_DEVICE_FAMILY = "1,2";
			};
			name = Debug;
		};
		474391551F26DDFD001427DD /* Release */ = {
			isa = XCBuildConfiguration;
			buildSettings = {
				ASSETCATALOG_COMPILER_APPICON_NAME = AppIcon;
				DEVELOPMENT_TEAM = 4V349GT37D;
				INFOPLIST_FILE = gitFunDemo/Info.plist;
				LD_RUNPATH_SEARCH_PATHS = "$(inherited) @executable_path/Frameworks";
				PRODUCT_BUNDLE_IDENTIFIER = com.dpate168.gitFunDemo;
				PRODUCT_NAME = "$(TARGET_NAME)";
				SWIFT_VERSION = 4.0;
				TARGETED_DEVICE_FAMILY = "1,2";
			};
			name = Release;
		};
/* End XCBuildConfiguration section */

/* Begin XCConfigurationList section */
		4743913C1F26DDFD001427DD /* Build configuration list for PBXProject "gitFunDemo" */ = {
			isa = XCConfigurationList;
			buildConfigurations = (
				474391511F26DDFD001427DD /* Debug */,
				474391521F26DDFD001427DD /* Release */,
			);
			defaultConfigurationIsVisible = 0;
			defaultConfigurationName = Release;
		};
		474391531F26DDFD001427DD /* Build configuration list for PBXNativeTarget "gitFunDemo" */ = {
			isa = XCConfigurationList;
			buildConfigurations = (
				474391541F26DDFD001427DD /* Debug */,
				474391551F26DDFD001427DD /* Release */,
			);
			defaultConfigurationIsVisible = 0;
		};
/* End XCConfigurationList section */
	};
	rootObject = 474391391F26DDFD001427DD /* Project object */;
}
